
Microsoft Visual Studio Solution File, Format Version 12.00
# Visual Studio Version 16
VisualStudioVersion = 16.0.29613.14
MinimumVisualStudioVersion = 10.0.40219.1
Project("{FAE04EC0-301F-11D3-BF4B-00C04F79EFBC}") = "Ximena.Configuration", "Ximena.Configuration\Ximena.Configuration.csproj", "{D79F8046-2C0C-48C5-A683-335D47A6B5A3}"
EndProject
Project("{FAE04EC0-301F-11D3-BF4B-00C04F79EFBC}") = "Ximena.DataAnnotations", "Ximena.DataAnnotations\Ximena.DataAnnotations.csproj", "{16C69F5F-94AB-43F3-96EC-4ABF77C53C14}"
EndProject
Global
	GlobalSection(SolutionConfigurationPlatforms) = preSolution
		Debug|Any CPU = Debug|Any CPU
		Release|Any CPU = Release|Any CPU
	EndGlobalSection
	GlobalSection(ProjectConfigurationPlatforms) = postSolution
		{D79F8046-2C0C-48C5-A683-335D47A6B5A3}.Debug|Any CPU.ActiveCfg = Debug|Any CPU
		{D79F8046-2C0C-48C5-A683-335D47A6B5A3}.Debug|Any CPU.Build.0 = Debug|Any CPU
		{D79F8046-2C0C-48C5-A683-335D47A6B5A3}.Release|Any CPU.ActiveCfg = Release|Any CPU
		{D79F8046-2C0C-48C5-A683-335D47A6B5A3}.Release|Any CPU.Build.0 = Release|Any CPU
		{16C69F5F-94AB-43F3-96EC-4ABF77C53C14}.Debug|Any CPU.ActiveCfg = Debug|Any CPU
		{16C69F5F-94AB-43F3-96EC-4ABF77C53C14}.Debug|Any CPU.Build.0 = Debug|Any CPU
		{16C69F5F-94AB-43F3-96EC-4ABF77C53C14}.Release|Any CPU.ActiveCfg = Release|Any CPU
		{16C69F5F-94AB-43F3-96EC-4ABF77C53C14}.Release|Any CPU.Build.0 = Release|Any CPU
	EndGlobalSection
	GlobalSection(SolutionProperties) = preSolution
		HideSolutionNode = FALSE
	EndGlobalSection
	GlobalSection(ExtensibilityGlobals) = postSolution
		SolutionGuid = {1F708AAE-BE0A-4833-8C62-88DD587A2951}
	EndGlobalSection
EndGlobal
